
Microsoft Visual Studio Solution File, Format Version 12.00
# Visual Studio Version 17
VisualStudioVersion = 17.2.32314.265
MinimumVisualStudioVersion = 10.0.40219.1
Project("{2150E333-8FDC-42A3-9474-1A3956D46DE8}") = "Solution Items", "Solution Items", "{47D46FF9-6534-46F8-BD60-455A9E541AB7}"
	ProjectSection(SolutionItems) = preProject
		Readme.md = Readme.md
		src\TwitterSync\TwitterSync.csproj = src\TwitterSync\TwitterSync.csproj
	EndProjectSection
EndProject
Project("{9A19103F-16F7-4668-BE54-9A1E7A4F7556}") = "TwitterSync", "src\TwitterSync\TwitterSync.csproj", "{7DD69BEB-852E-476F-9509-BEC5A0292B42}"
EndProject
Global
	GlobalSection(SolutionConfigurationPlatforms) = preSolution
		Debug|Any CPU = Debug|Any CPU
		Release|Any CPU = Release|Any CPU
	EndGlobalSection
	GlobalSection(ProjectConfigurationPlatforms) = postSolution
		{7DD69BEB-852E-476F-9509-BEC5A0292B42}.Debug|Any CPU.ActiveCfg = Debug|Any CPU
		{7DD69BEB-852E-476F-9509-BEC5A0292B42}.Debug|Any CPU.Build.0 = Debug|Any CPU
		{7DD69BEB-852E-476F-9509-BEC5A0292B42}.Release|Any CPU.ActiveCfg = Release|Any CPU
		{7DD69BEB-852E-476F-9509-BEC5A0292B42}.Release|Any CPU.Build.0 = Release|Any CPU
	EndGlobalSection
	GlobalSection(SolutionProperties) = preSolution
		HideSolutionNode = FALSE
	EndGlobalSection
	GlobalSection(ExtensibilityGlobals) = postSolution
		SolutionGuid = {3F2852B8-4123-4A58-85A9-7C0A72B8903D}
	EndGlobalSection
EndGlobal
